Microsoft Visual Studio Solution File, Format Version 11.00
# Visual Studio 2008

Project("{674E80A1-1D56-F517-D769-A11029B5D62B}") = "MotionPlanner", "Assembly-CSharp.csproj", "{4A7484F1-393C-240C-1277-5D9C1AD56BB3}"
EndProject
Global
	GlobalSection(SolutionConfigurationPlatforms) = preSolution
		Debug|Any CPU = Debug|Any CPU
		Release|Any CPU = Release|Any CPU
	EndGlobalSection
	GlobalSection(ProjectConfigurationPlatforms) = postSolution
		{4A7484F1-393C-240C-1277-5D9C1AD56BB3}.Debug|Any CPU.ActiveCfg = Debug|Any CPU
		{4A7484F1-393C-240C-1277-5D9C1AD56BB3}.Debug|Any CPU.Build.0 = Debug|Any CPU
		{4A7484F1-393C-240C-1277-5D9C1AD56BB3}.Release|Any CPU.ActiveCfg = Release|Any CPU
		{4A7484F1-393C-240C-1277-5D9C1AD56BB3}.Release|Any CPU.Build.0 = Release|Any CPU
	EndGlobalSection
	GlobalSection(SolutionProperties) = preSolution
		HideSolutionNode = FALSE
	EndGlobalSection
	GlobalSection(MonoDevelopProperties) = preSolution
		StartupItem = Assembly-CSharp.csproj
	EndGlobalSection
EndGlobal
